
Microsoft Visual Studio Solution File, Format Version 12.00
# Visual Studio 15
VisualStudioVersion = 15.0.27703.2047
MinimumVisualStudioVersion = 10.0.40219.1
Project("{FAE04EC0-301F-11D3-BF4B-00C04F79EFBC}") = "CalculatorFP", "CalculatorFP\CalculatorFP.csproj", "{5CD3FB7A-4417-413F-BED1-800108C0123D}"
EndProject
Global
	GlobalSection(SolutionConfigurationPlatforms) = preSolution
		Debug|Any CPU = Debug|Any CPU
		Release|Any CPU = Release|Any CPU
	EndGlobalSection
	GlobalSection(ProjectConfigurationPlatforms) = postSolution
		{5CD3FB7A-4417-413F-BED1-800108C0123D}.Debug|Any CPU.ActiveCfg = Debug|Any CPU
		{5CD3FB7A-4417-413F-BED1-800108C0123D}.Debug|Any CPU.Build.0 = Debug|Any CPU
		{5CD3FB7A-4417-413F-BED1-800108C0123D}.Release|Any CPU.ActiveCfg = Release|Any CPU
		{5CD3FB7A-4417-413F-BED1-800108C0123D}.Release|Any CPU.Build.0 = Release|Any CPU
	EndGlobalSection
	GlobalSection(SolutionProperties) = preSolution
		HideSolutionNode = FALSE
	EndGlobalSection
	GlobalSection(ExtensibilityGlobals) = postSolution
		SolutionGuid = {63DF6A85-159B-47C3-BDC7-AC1DFF6E3D62}
	EndGlobalSection
EndGlobal
